{
  "version": 4,
  "terraform_version": "1.11.4",
  "serial": 8,
  "lineage": "b479e013-be97-e893-bb7c-331e5b233034",
  "outputs": {
    "webapp_url": {
      "value": "webapp-demo-455656.azurewebsites.net",
      "type": "string"
    }
  },
  "resources": [
    {
      "mode": "managed",
      "type": "azurerm_resource_group",
      "name": "rg",
      "provider": "provider[\"registry.terraform.io/hashicorp/azurerm\"]",
      "instances": [
        {
          "schema_version": 0,
          "attributes": {
            "id": "/subscriptions/5ed7dfe6-2ef4-45a5-a3aa-c3f36288601a/resourceGroups/rg-appservice-demo",
            "location": "centralus",
            "managed_by": "",
            "name": "rg-appservice-demo",
            "tags": null,
            "timeouts": null
          },
          "sensitive_attributes": [],
          "private": "eyJlMmJmYjczMC1lY2FhLTExZTYtOGY4OC0zNDM2M2JjN2M0YzAiOnsiY3JlYXRlIjo1NDAwMDAwMDAwMDAwLCJkZWxldGUiOjU0MDAwMDAwMDAwMDAsInJlYWQiOjMwMDAwMDAwMDAwMCwidXBkYXRlIjo1NDAwMDAwMDAwMDAwfX0="
        }
      ]
    },
    {
      "mode": "managed",
      "type": "azurerm_service_plan",
      "name": "asp",
      "provider": "provider[\"registry.terraform.io/hashicorp/azurerm\"]",
      "instances": [
        {
          "schema_version": 1,
          "attributes": {
            "app_service_environment_id": "",
            "id": "/subscriptions/5ed7dfe6-2ef4-45a5-a3aa-c3f36288601a/resourceGroups/rg-appservice-demo/providers/Microsoft.Web/serverFarms/asp-demo",
            "kind": "app",
            "location": "centralus",
            "maximum_elastic_worker_count": 1,
            "name": "asp-demo",
            "os_type": "Windows",
            "per_site_scaling_enabled": false,
            "reserved": false,
            "resource_group_name": "rg-appservice-demo",
            "sku_name": "B1",
            "tags": null,
            "timeouts": null,
            "worker_count": 1,
            "zone_balancing_enabled": false
          },
          "sensitive_attributes": [],
          "private": "eyJlMmJmYjczMC1lY2FhLTExZTYtOGY4OC0zNDM2M2JjN2M0YzAiOnsiY3JlYXRlIjozNjAwMDAwMDAwMDAwLCJkZWxldGUiOjM2MDAwMDAwMDAwMDAsInJlYWQiOjMwMDAwMDAwMDAwMCwidXBkYXRlIjozNjAwMDAwMDAwMDAwfSwic2NoZW1hX3ZlcnNpb24iOiIxIn0=",
          "dependencies": [
            "azurerm_resource_group.rg"
          ]
        }
      ]
    },
    {
      "mode": "managed",
      "type": "azurerm_windows_web_app",
      "name": "app",
      "provider": "provider[\"registry.terraform.io/hashicorp/azurerm\"]",
      "instances": [
        {
          "schema_version": 1,
          "attributes": {
            "app_settings": null,
            "auth_settings": [],
            "auth_settings_v2": [],
            "backup": [],
            "client_affinity_enabled": false,
            "client_certificate_enabled": false,
            "client_certificate_exclusion_paths": "",
            "client_certificate_mode": "Required",
            "connection_string": [],
            "custom_domain_verification_id": "31112977FF3C5A183D1BCA28D841BE7765D36ABD717DA5EDCAC0E7D14DEEC30C",
            "default_hostname": "webapp-demo-455656.azurewebsites.net",
            "enabled": true,
            "ftp_publish_basic_authentication_enabled": true,
            "hosting_environment_id": "",
            "https_only": false,
            "id": "/subscriptions/5ed7dfe6-2ef4-45a5-a3aa-c3f36288601a/resourceGroups/rg-appservice-demo/providers/Microsoft.Web/sites/webapp-demo-455656",
            "identity": [],
            "key_vault_reference_identity_id": "SystemAssigned",
            "kind": "app",
            "location": "centralus",
            "logs": [],
            "name": "webapp-demo-455656",
            "outbound_ip_address_list": [
              "52.185.89.12",
              "52.185.89.18",
              "52.185.89.24",
              "52.185.89.28",
              "52.185.89.35",
              "52.185.89.41",
              "20.40.202.28"
            ],
            "outbound_ip_addresses": "52.185.89.12,52.185.89.18,52.185.89.24,52.185.89.28,52.185.89.35,52.185.89.41,20.40.202.28",
            "possible_outbound_ip_address_list": [
              "52.185.89.12",
              "52.185.89.18",
              "52.185.89.24",
              "52.185.89.28",
              "52.185.89.35",
              "52.185.89.41",
              "52.230.144.82",
              "52.185.89.43",
              "52.185.89.55",
              "52.182.214.233",
              "52.185.89.77",
              "52.185.89.217",
              "52.182.210.164",
              "52.182.208.25",
              "52.182.209.255",
              "52.182.213.82",
              "52.185.88.92",
              "52.185.89.17",
              "52.185.89.221",
              "52.185.90.36",
              "52.185.90.46",
              "52.185.90.57",
              "52.185.90.75",
              "52.185.90.80",
              "52.185.90.114",
              "20.37.134.4",
              "52.185.90.116",
              "52.185.90.139",
              "52.185.90.149",
              "52.185.90.151",
              "52.185.90.153",
              "20.40.202.28"
            ],
            "possible_outbound_ip_addresses": "52.185.89.12,52.185.89.18,52.185.89.24,52.185.89.28,52.185.89.35,52.185.89.41,52.230.144.82,52.185.89.43,52.185.89.55,52.182.214.233,52.185.89.77,52.185.89.217,52.182.210.164,52.182.208.25,52.182.209.255,52.182.213.82,52.185.88.92,52.185.89.17,52.185.89.221,52.185.90.36,52.185.90.46,52.185.90.57,52.185.90.75,52.185.90.80,52.185.90.114,20.37.134.4,52.185.90.116,52.185.90.139,52.185.90.149,52.185.90.151,52.185.90.153,20.40.202.28",
            "public_network_access_enabled": true,
            "resource_group_name": "rg-appservice-demo",
            "service_plan_id": "/subscriptions/5ed7dfe6-2ef4-45a5-a3aa-c3f36288601a/resourceGroups/rg-appservice-demo/providers/Microsoft.Web/serverFarms/asp-demo",
            "site_config": [
              {
                "always_on": true,
                "api_definition_url": "",
                "api_management_api_id": "",
                "app_command_line": "",
                "application_stack": [
                  {
                    "current_stack": "",
                    "docker_container_name": "",
                    "docker_container_registry": "",
                    "docker_container_tag": "",
                    "docker_image_name": "",
                    "docker_registry_password": "",
                    "docker_registry_url": "",
                    "docker_registry_username": "",
                    "dotnet_core_version": "",
                    "dotnet_version": "v4.0",
                    "java_container": "",
                    "java_container_version": "",
                    "java_embedded_server_enabled": false,
                    "java_version": "",
                    "node_version": "",
                    "php_version": "5.6",
                    "python": false,
                    "python_version": "",
                    "tomcat_version": ""
                  }
                ],
                "auto_heal_enabled": false,
                "auto_heal_setting": [],
                "container_registry_managed_identity_client_id": "",
                "container_registry_use_managed_identity": false,
                "cors": [],
                "default_documents": [
                  "Default.htm",
                  "Default.html",
                  "Default.asp",
                  "index.htm",
                  "index.html",
                  "iisstart.htm",
                  "default.aspx",
                  "index.php",
                  "hostingstart.html"
                ],
                "detailed_error_logging_enabled": false,
                "ftps_state": "Disabled",
                "handler_mapping": [],
                "health_check_eviction_time_in_min": 0,
                "health_check_path": "",
                "http2_enabled": false,
                "ip_restriction": [],
                "ip_restriction_default_action": "Allow",
                "linux_fx_version": "",
                "load_balancing_mode": "LeastRequests",
                "local_mysql_enabled": false,
                "managed_pipeline_mode": "Integrated",
                "minimum_tls_version": "1.2",
                "remote_debugging_enabled": false,
                "remote_debugging_version": "VS2022",
                "scm_ip_restriction": [],
                "scm_ip_restriction_default_action": "Allow",
                "scm_minimum_tls_version": "1.2",
                "scm_type": "None",
                "scm_use_main_ip_restriction": false,
                "use_32_bit_worker": true,
                "virtual_application": [],
                "vnet_route_all_enabled": false,
                "websockets_enabled": false,
                "windows_fx_version": "",
                "worker_count": 1
              }
            ],
            "site_credential": [
              {
                "name": "$webapp-demo-455656",
                "password": "1euo4jmRCufhiZtqxGSz9Ac5f8o5ccQ5SRmgpfQyWNwnyZ7K6DZJyxjHisQe"
              }
            ],
            "sticky_settings": [],
            "storage_account": [],
            "tags": {
              "environment": "Dev"
            },
            "timeouts": null,
            "virtual_network_subnet_id": "",
            "webdeploy_publish_basic_authentication_enabled": true,
            "zip_deploy_file": ""
          },
          "sensitive_attributes": [
            [
              {
                "type": "get_attr",
                "value": "site_credential"
              }
            ],
            [
              {
                "type": "get_attr",
                "value": "custom_domain_verification_id"
              }
            ],
            [
              {
                "type": "get_attr",
                "value": "site_config"
              },
              {
                "type": "index",
                "value": {
                  "value": 0,
                  "type": "number"
                }
              },
              {
                "type": "get_attr",
                "value": "application_stack"
              },
              {
                "type": "index",
                "value": {
                  "value": 0,
                  "type": "number"
                }
              },
              {
                "type": "get_attr",
                "value": "docker_registry_password"
              }
            ]
          ],
          "private": "eyJlMmJmYjczMC1lY2FhLTExZTYtOGY4OC0zNDM2M2JjN2M0YzAiOnsiY3JlYXRlIjoxODAwMDAwMDAwMDAwLCJkZWxldGUiOjE4MDAwMDAwMDAwMDAsInJlYWQiOjMwMDAwMDAwMDAwMCwidXBkYXRlIjoxODAwMDAwMDAwMDAwfSwic2NoZW1hX3ZlcnNpb24iOiIxIn0=",
          "dependencies": [
            "azurerm_resource_group.rg",
            "azurerm_service_plan.asp"
          ]
        }
      ]
    }
  ],
  "check_results": null
}
